// !$*UTF8*$!
{
	archiveVersion = 1;
	classes = {
	};
	objectVersion = 77;
	objects = {

/* Begin PBXBuildFile section */
		1EB4A09EEB065D74C39AF6B6 /* MainWindowView.swift in Sources */ = {isa = PBXBuildFile; fileRef = ABF05C3D3B209C89B1E47474 /* MainWindowView.swift */; };
		23C9BE378271EDE9D5777E73 /* DictationSessionCoordinator.swift in Sources */ = {isa = PBXBuildFile; fileRef = 6BD7AD980E1C1D73673DDC9D /* DictationSessionCoordinator.swift */; };
		25BB5D470A6903D0352B9A9F /* PermissionManager.swift in Sources */ = {isa = PBXBuildFile; fileRef = 5C5E0B7101FE0F65E18809B0 /* PermissionManager.swift */; };
		3170EBE12606FFDCA78C2F80 /* DictionaryHallucinationFilterTests.swift in Sources */ = {isa = PBXBuildFile; fileRef = 30227F295D3F147F2C176518 /* DictionaryHallucinationFilterTests.swift */; };
		3630A0DE17D93D80EA1F8C73 /* DictionaryHallucinationFilter.swift in Sources */ = {isa = PBXBuildFile; fileRef = 4C015DE62387B71D11987259 /* DictionaryHallucinationFilter.swift */; };
		4727CC661CAC1281585B4025 /* DictionaryCorrectionEngine.swift in Sources */ = {isa = PBXBuildFile; fileRef = EC171AEBD769C058F7496892 /* DictionaryCorrectionEngine.swift */; };
		4B3F06060B84DD2A4FCCEED7 /* MenuBarView.swift in Sources */ = {isa = PBXBuildFile; fileRef = 90E7D04CF7BDDDFA6CCD6F6C /* MenuBarView.swift */; };
		53CC09A331642D0D71265C9F /* DictionaryCorrectionEngineTests.swift in Sources */ = {isa = PBXBuildFile; fileRef = F76ECC3AB7F170FA55D7F28A /* DictionaryCorrectionEngineTests.swift */; };
		58D5924F00367CDD5C46F9CC /* DictionaryStore.swift in Sources */ = {isa = PBXBuildFile; fileRef = E6CD3B3FED9A5AB6185F986D /* DictionaryStore.swift */; };
		62D54B54FFA2E7F6E0DDB390 /* OutputTargetSnapshot.swift in Sources */ = {isa = PBXBuildFile; fileRef = 256653591444C73EF7452E93 /* OutputTargetSnapshot.swift */; };
		63F1EC05016B5CA650518390 /* AppStateTests.swift in Sources */ = {isa = PBXBuildFile; fileRef = 26793EC7ECE0C478A178ECC9 /* AppStateTests.swift */; };
		6888C94349BA93E537CA5F0F /* ResultPopup.swift in Sources */ = {isa = PBXBuildFile; fileRef = F4654661C7B93FFF0EDBBE79 /* ResultPopup.swift */; };
		694A980EFE2C402C9342F333 /* MainWindowController.swift in Sources */ = {isa = PBXBuildFile; fileRef = A881C9C9969769256760954D /* MainWindowController.swift */; };
		6C2DE07D3FB8F4F8115E6B3E /* InsertionStrategy.swift in Sources */ = {isa = PBXBuildFile; fileRef = 38D7A142FE57E8DC4A27DE2F /* InsertionStrategy.swift */; };
		6C43A236DF88A49489ACAF46 /* HotkeyManager.swift in Sources */ = {isa = PBXBuildFile; fileRef = 52862BA91FB4BCD7E1BD2173 /* HotkeyManager.swift */; };
		6E57E4E4E81B6FD55CCEF211 /* Assets.xcassets in Resources */ = {isa = PBXBuildFile; fileRef = B1AA585D61E899DA7395C152 /* Assets.xcassets */; };
		806FBDDDFA226D57DB8F3C39 /* AppState.swift in Sources */ = {isa = PBXBuildFile; fileRef = 88CF2BA890D9F26B32824AF5 /* AppState.swift */; };
		873B10B91D12A78D47AA787C /* HotwordPromptBuilder.swift in Sources */ = {isa = PBXBuildFile; fileRef = 2142D46D1A5E445BD4C757A7 /* HotwordPromptBuilder.swift */; };
		8B0CD5687619D8B38D365E95 /* HotkeyStore.swift in Sources */ = {isa = PBXBuildFile; fileRef = 24381B8AF2275F9837C6D2B0 /* HotkeyStore.swift */; };
		8DE2A20EED78C691538082B9 /* App.swift in Sources */ = {isa = PBXBuildFile; fileRef = 5796BD42C96BBC050ECA210A /* App.swift */; };
		8E2ABB10CEE123CAA63BC008 /* AccessibilityHelper.swift in Sources */ = {isa = PBXBuildFile; fileRef = 62DDFAF0114BF7FD01DB87E3 /* AccessibilityHelper.swift */; };
		90351E10B9B500391B07A372 /* OpenAI in Frameworks */ = {isa = PBXBuildFile; productRef = B48718C9952536A0E084CEED /* OpenAI */; };
		98FB88EC56F3A9EEE30D404F /* HotkeyManagerTests.swift in Sources */ = {isa = PBXBuildFile; fileRef = 2D22EB1E3CFB846C07918331 /* HotkeyManagerTests.swift */; };
		9E7CF3DEAEC0EA9503FD62D8 /* HistoryTabView.swift in Sources */ = {isa = PBXBuildFile; fileRef = 6199BC6AEA3B5EE60086ECF3 /* HistoryTabView.swift */; };
		A667325F3FA3E2B2FDE5D21F /* HotwordPromptBuilderTests.swift in Sources */ = {isa = PBXBuildFile; fileRef = B2158311E8BBFCF20BF0266E /* HotwordPromptBuilderTests.swift */; };
		B028A7FF3954A51D4BE181F6 /* DictionaryEntry.swift in Sources */ = {isa = PBXBuildFile; fileRef = 742D53F73C9AD3E4490C6A59 /* DictionaryEntry.swift */; };
		B254BF91918A26ADEEB2EFA1 /* TranscriptionServiceTests.swift in Sources */ = {isa = PBXBuildFile; fileRef = 8D43E926297E99334837F80E /* TranscriptionServiceTests.swift */; };
		BD38E6757E075D57D51EC9C7 /* AudioRecorderTests.swift in Sources */ = {isa = PBXBuildFile; fileRef = 6A8F4EC1F9358BA1BD30539E /* AudioRecorderTests.swift */; };
		BD913A7B793F0A358EF0BF20 /* HistoryEntry.swift in Sources */ = {isa = PBXBuildFile; fileRef = CDD1A5A2EB920DA28E70D2FE /* HistoryEntry.swift */; };
		C1FC9BE139524CF518FE6342 /* AudioRecorder.swift in Sources */ = {isa = PBXBuildFile; fileRef = 421E15634FC1D9BC346350AC /* AudioRecorder.swift */; };
		C66AD81E2764765174F65B24 /* ProgressOverlay.swift in Sources */ = {isa = PBXBuildFile; fileRef = BCC095ED5BE2645B195A6F3A /* ProgressOverlay.swift */; };
		CBC03266564DC19E434EB661 /* ShortcutRecorderView.swift in Sources */ = {isa = PBXBuildFile; fileRef = 77D153D1A5BE9EDF7A543A36 /* ShortcutRecorderView.swift */; };
		D093CA63AF7678BE2B1CFC58 /* HotkeyStoreTests.swift in Sources */ = {isa = PBXBuildFile; fileRef = D7DB340E5942201AEF2DC10E /* HotkeyStoreTests.swift */; };
		D4866A0E444622901C3A9649 /* HistoryStore.swift in Sources */ = {isa = PBXBuildFile; fileRef = 66627EC312CA0830320BF8C3 /* HistoryStore.swift */; };
		E473DA301FE7AC648D511E7D /* DictionaryTabView.swift in Sources */ = {isa = PBXBuildFile; fileRef = DEB83D0A67419089D9BB9609 /* DictionaryTabView.swift */; };
		EA703C1702FF9F5BE252601A /* HistoryStoreTests.swift in Sources */ = {isa = PBXBuildFile; fileRef = 56FA22F9D059A02E440B2306 /* HistoryStoreTests.swift */; };
		EE1A1F5A677EB5D0B84B5F71 /* DictationSessionCoordinatorTests.swift in Sources */ = {isa = PBXBuildFile; fileRef = 8A55BB38F0DED7BB7F55BDFB /* DictationSessionCoordinatorTests.swift */; };
		F020B687087957DDF840D7B0 /* TranscriptionService.swift in Sources */ = {isa = PBXBuildFile; fileRef = FF248BD2A796C8D341245E2D /* TranscriptionService.swift */; };
		FB0374BC4E42085DFCA75A72 /* InsertionStrategyTests.swift in Sources */ = {isa = PBXBuildFile; fileRef = 796F4D210BFE2C15DDE783BD /* InsertionStrategyTests.swift */; };
		FCA786E2893FCFEE8AC79BA7 /* DictionaryStoreTests.swift in Sources */ = {isa = PBXBuildFile; fileRef = 9D12F1A71F9BC6DA89B895E5 /* DictionaryStoreTests.swift */; };
/* End PBXBuildFile section */

/* Begin PBXContainerItemProxy section */
		8256EB3E06D191A881EDEE64 /* PBXContainerItemProxy */ = {
			isa = PBXContainerItemProxy;
			containerPortal = E7005D36A09A66C8F082A700 /* Project object */;
			proxyType = 1;
			remoteGlobalIDString = E44F30B67638619AD2BBB0E9;
			remoteInfo = OpenTypeless;
		};
/* End PBXContainerItemProxy section */

/* Begin PBXFileReference section */
		0C152EF9B6F66F7308D0ECDA /* OpenTypeless.app */ = {isa = PBXFileReference; explicitFileType = wrapper.application; includeInIndex = 0; path = OpenTypeless.app; sourceTree = BUILT_PRODUCTS_DIR; };
		2142D46D1A5E445BD4C757A7 /* HotwordPromptBuilder.swift */ = {isa = PBXFileReference; lastKnownFileType = sourcecode.swift; path = HotwordPromptBuilder.swift; sourceTree = "<group>"; };
		24381B8AF2275F9837C6D2B0 /* HotkeyStore.swift */ = {isa = PBXFileReference; lastKnownFileType = sourcecode.swift; path = HotkeyStore.swift; sourceTree = "<group>"; };
		256653591444C73EF7452E93 /* OutputTargetSnapshot.swift */ = {isa = PBXFileReference; lastKnownFileType = sourcecode.swift; path = OutputTargetSnapshot.swift; sourceTree = "<group>"; };
		26793EC7ECE0C478A178ECC9 /* AppStateTests.swift */ = {isa = PBXFileReference; lastKnownFileType = sourcecode.swift; path = AppStateTests.swift; sourceTree = "<group>"; };
		2D22EB1E3CFB846C07918331 /* HotkeyManagerTests.swift */ = {isa = PBXFileReference; lastKnownFileType = sourcecode.swift; path = HotkeyManagerTests.swift; sourceTree = "<group>"; };
		2FEBDAF7F11D5286DA0B26D8 /* OpenTypelessTests.xctest */ = {isa = PBXFileReference; explicitFileType = wrapper.cfbundle; includeInIndex = 0; path = OpenTypelessTests.xctest; sourceTree = BUILT_PRODUCTS_DIR; };
		30227F295D3F147F2C176518 /* DictionaryHallucinationFilterTests.swift */ = {isa = PBXFileReference; lastKnownFileType = sourcecode.swift; path = DictionaryHallucinationFilterTests.swift; sourceTree = "<group>"; };
		38D7A142FE57E8DC4A27DE2F /* InsertionStrategy.swift */ = {isa = PBXFileReference; lastKnownFileType = sourcecode.swift; path = InsertionStrategy.swift; sourceTree = "<group>"; };
		421E15634FC1D9BC346350AC /* AudioRecorder.swift */ = {isa = PBXFileReference; lastKnownFileType = sourcecode.swift; path = AudioRecorder.swift; sourceTree = "<group>"; };
		4C015DE62387B71D11987259 /* DictionaryHallucinationFilter.swift */ = {isa = PBXFileReference; lastKnownFileType = sourcecode.swift; path = DictionaryHallucinationFilter.swift; sourceTree = "<group>"; };
		52862BA91FB4BCD7E1BD2173 /* HotkeyManager.swift */ = {isa = PBXFileReference; lastKnownFileType = sourcecode.swift; path = HotkeyManager.swift; sourceTree = "<group>"; };
		56FA22F9D059A02E440B2306 /* HistoryStoreTests.swift */ = {isa = PBXFileReference; lastKnownFileType = sourcecode.swift; path = HistoryStoreTests.swift; sourceTree = "<group>"; };
		5796BD42C96BBC050ECA210A /* App.swift */ = {isa = PBXFileReference; lastKnownFileType = sourcecode.swift; path = App.swift; sourceTree = "<group>"; };
		5C5E0B7101FE0F65E18809B0 /* PermissionManager.swift */ = {isa = PBXFileReference; lastKnownFileType = sourcecode.swift; path = PermissionManager.swift; sourceTree = "<group>"; };
		6199BC6AEA3B5EE60086ECF3 /* HistoryTabView.swift */ = {isa = PBXFileReference; lastKnownFileType = sourcecode.swift; path = HistoryTabView.swift; sourceTree = "<group>"; };
		62DDFAF0114BF7FD01DB87E3 /* AccessibilityHelper.swift */ = {isa = PBXFileReference; lastKnownFileType = sourcecode.swift; path = AccessibilityHelper.swift; sourceTree = "<group>"; };
		66627EC312CA0830320BF8C3 /* HistoryStore.swift */ = {isa = PBXFileReference; lastKnownFileType = sourcecode.swift; path = HistoryStore.swift; sourceTree = "<group>"; };
		6A8F4EC1F9358BA1BD30539E /* AudioRecorderTests.swift */ = {isa = PBXFileReference; lastKnownFileType = sourcecode.swift; path = AudioRecorderTests.swift; sourceTree = "<group>"; };
		6BD7AD980E1C1D73673DDC9D /* DictationSessionCoordinator.swift */ = {isa = PBXFileReference; lastKnownFileType = sourcecode.swift; path = DictationSessionCoordinator.swift; sourceTree = "<group>"; };
		742D53F73C9AD3E4490C6A59 /* DictionaryEntry.swift */ = {isa = PBXFileReference; lastKnownFileType = sourcecode.swift; path = DictionaryEntry.swift; sourceTree = "<group>"; };
		77D153D1A5BE9EDF7A543A36 /* ShortcutRecorderView.swift */ = {isa = PBXFileReference; lastKnownFileType = sourcecode.swift; path = ShortcutRecorderView.swift; sourceTree = "<group>"; };
		796F4D210BFE2C15DDE783BD /* InsertionStrategyTests.swift */ = {isa = PBXFileReference; lastKnownFileType = sourcecode.swift; path = InsertionStrategyTests.swift; sourceTree = "<group>"; };
		88CF2BA890D9F26B32824AF5 /* AppState.swift */ = {isa = PBXFileReference; lastKnownFileType = sourcecode.swift; path = AppState.swift; sourceTree = "<group>"; };
		8A55BB38F0DED7BB7F55BDFB /* DictationSessionCoordinatorTests.swift */ = {isa = PBXFileReference; lastKnownFileType = sourcecode.swift; path = DictationSessionCoordinatorTests.swift; sourceTree = "<group>"; };
		8D43E926297E99334837F80E /* TranscriptionServiceTests.swift */ = {isa = PBXFileReference; lastKnownFileType = sourcecode.swift; path = TranscriptionServiceTests.swift; sourceTree = "<group>"; };
		90E7D04CF7BDDDFA6CCD6F6C /* MenuBarView.swift */ = {isa = PBXFileReference; lastKnownFileType = sourcecode.swift; path = MenuBarView.swift; sourceTree = "<group>"; };
		9D12F1A71F9BC6DA89B895E5 /* DictionaryStoreTests.swift */ = {isa = PBXFileReference; lastKnownFileType = sourcecode.swift; path = DictionaryStoreTests.swift; sourceTree = "<group>"; };
		A881C9C9969769256760954D /* MainWindowController.swift */ = {isa = PBXFileReference; lastKnownFileType = sourcecode.swift; path = MainWindowController.swift; sourceTree = "<group>"; };
		ABF05C3D3B209C89B1E47474 /* MainWindowView.swift */ = {isa = PBXFileReference; lastKnownFileType = sourcecode.swift; path = MainWindowView.swift; sourceTree = "<group>"; };
		B1AA585D61E899DA7395C152 /* Assets.xcassets */ = {isa = PBXFileReference; lastKnownFileType = folder.assetcatalog; path = Assets.xcassets; sourceTree = "<group>"; };
		B2158311E8BBFCF20BF0266E /* HotwordPromptBuilderTests.swift */ = {isa = PBXFileReference; lastKnownFileType = sourcecode.swift; path = HotwordPromptBuilderTests.swift; sourceTree = "<group>"; };
		BCB897F4D7250E5F5717D2FE /* OpenTypeless.entitlements */ = {isa = PBXFileReference; lastKnownFileType = text.plist.entitlements; path = OpenTypeless.entitlements; sourceTree = "<group>"; };
		BCC095ED5BE2645B195A6F3A /* ProgressOverlay.swift */ = {isa = PBXFileReference; lastKnownFileType = sourcecode.swift; path = ProgressOverlay.swift; sourceTree = "<group>"; };
		CDD1A5A2EB920DA28E70D2FE /* HistoryEntry.swift */ = {isa = PBXFileReference; lastKnownFileType = sourcecode.swift; path = HistoryEntry.swift; sourceTree = "<group>"; };
		D7DB340E5942201AEF2DC10E /* HotkeyStoreTests.swift */ = {isa = PBXFileReference; lastKnownFileType = sourcecode.swift; path = HotkeyStoreTests.swift; sourceTree = "<group>"; };
		DEB83D0A67419089D9BB9609 /* DictionaryTabView.swift */ = {isa = PBXFileReference; lastKnownFileType = sourcecode.swift; path = DictionaryTabView.swift; sourceTree = "<group>"; };
		E6CD3B3FED9A5AB6185F986D /* DictionaryStore.swift */ = {isa = PBXFileReference; lastKnownFileType = sourcecode.swift; path = DictionaryStore.swift; sourceTree = "<group>"; };
		EBD0C80A27D2503CDA5D39ED /* Info.plist */ = {isa = PBXFileReference; lastKnownFileType = text.plist; path = Info.plist; sourceTree = "<group>"; };
		EC171AEBD769C058F7496892 /* DictionaryCorrectionEngine.swift */ = {isa = PBXFileReference; lastKnownFileType = sourcecode.swift; path = DictionaryCorrectionEngine.swift; sourceTree = "<group>"; };
		F4654661C7B93FFF0EDBBE79 /* ResultPopup.swift */ = {isa = PBXFileReference; lastKnownFileType = sourcecode.swift; path = ResultPopup.swift; sourceTree = "<group>"; };
		F76ECC3AB7F170FA55D7F28A /* DictionaryCorrectionEngineTests.swift */ = {isa = PBXFileReference; lastKnownFileType = sourcecode.swift; path = DictionaryCorrectionEngineTests.swift; sourceTree = "<group>"; };
		FF248BD2A796C8D341245E2D /* TranscriptionService.swift */ = {isa = PBXFileReference; lastKnownFileType = sourcecode.swift; path = TranscriptionService.swift; sourceTree = "<group>"; };
/* End PBXFileReference section */

/* Begin PBXFrameworksBuildPhase section */
		39032F4B7751B0B6614EFFCC /* Frameworks */ = {
			isa = PBXFrameworksBuildPhase;
			buildActionMask = 2147483647;
			files = (
				90351E10B9B500391B07A372 /* OpenAI in Frameworks */,
			);
			runOnlyForDeploymentPostprocessing = 0;
		};
/* End PBXFrameworksBuildPhase section */

/* Begin PBXGroup section */
		2DC10389B430C314CAEBF495 /* Audio */ = {
			isa = PBXGroup;
			children = (
				421E15634FC1D9BC346350AC /* AudioRecorder.swift */,
			);
			path = Audio;
			sourceTree = "<group>";
		};
		3D4DCA23DD0C64A7A92DB47C /* Insertion */ = {
			isa = PBXGroup;
			children = (
				62DDFAF0114BF7FD01DB87E3 /* AccessibilityHelper.swift */,
				38D7A142FE57E8DC4A27DE2F /* InsertionStrategy.swift */,
			);
			path = Insertion;
			sourceTree = "<group>";
		};
		4F219BC675784540A105291E = {
			isa = PBXGroup;
			children = (
				5CA13D3C010E08A296D90B60 /* OpenTypeless */,
				BE169213EC26C1FE03E55232 /* OpenTypelessTests */,
				CBDB810CFBDEB4D483E6C0EE /* Resources */,
				E9C04359331FACD7E4739CE9 /* Products */,
			);
			sourceTree = "<group>";
		};
		5CA13D3C010E08A296D90B60 /* OpenTypeless */ = {
			isa = PBXGroup;
			children = (
				EBD0C80A27D2503CDA5D39ED /* Info.plist */,
				BCB897F4D7250E5F5717D2FE /* OpenTypeless.entitlements */,
				D6A81BEE9C72282895CE9576 /* App */,
				2DC10389B430C314CAEBF495 /* Audio */,
				DE2305D1EB582F16DED7F848 /* Core */,
				BEEC66AF235D186392DE6FE8 /* Dictionary */,
				6679D4880459D308F4A8637F /* History */,
				642BEB9FE16FE9C27CFEE7DD /* Input */,
				3D4DCA23DD0C64A7A92DB47C /* Insertion */,
				5F668D223D1DA89A0DF5399C /* Services */,
				8802DBA662B7924F1FB9FC91 /* UI */,
			);
			name = OpenTypeless;
			path = Sources/OpenTypeless;
			sourceTree = "<group>";
		};
		5F668D223D1DA89A0DF5399C /* Services */ = {
			isa = PBXGroup;
			children = (
				FF248BD2A796C8D341245E2D /* TranscriptionService.swift */,
			);
			path = Services;
			sourceTree = "<group>";
		};
		642BEB9FE16FE9C27CFEE7DD /* Input */ = {
			isa = PBXGroup;
			children = (
				52862BA91FB4BCD7E1BD2173 /* HotkeyManager.swift */,
			);
			path = Input;
			sourceTree = "<group>";
		};
		6679D4880459D308F4A8637F /* History */ = {
			isa = PBXGroup;
			children = (
				CDD1A5A2EB920DA28E70D2FE /* HistoryEntry.swift */,
				66627EC312CA0830320BF8C3 /* HistoryStore.swift */,
			);
			path = History;
			sourceTree = "<group>";
		};
		8802DBA662B7924F1FB9FC91 /* UI */ = {
			isa = PBXGroup;
			children = (
				DEB83D0A67419089D9BB9609 /* DictionaryTabView.swift */,
				6199BC6AEA3B5EE60086ECF3 /* HistoryTabView.swift */,
				ABF05C3D3B209C89B1E47474 /* MainWindowView.swift */,
				BCC095ED5BE2645B195A6F3A /* ProgressOverlay.swift */,
				F4654661C7B93FFF0EDBBE79 /* ResultPopup.swift */,
				77D153D1A5BE9EDF7A543A36 /* ShortcutRecorderView.swift */,
			);
			path = UI;
			sourceTree = "<group>";
		};
		BE169213EC26C1FE03E55232 /* OpenTypelessTests */ = {
			isa = PBXGroup;
			children = (
				26793EC7ECE0C478A178ECC9 /* AppStateTests.swift */,
				6A8F4EC1F9358BA1BD30539E /* AudioRecorderTests.swift */,
				8A55BB38F0DED7BB7F55BDFB /* DictationSessionCoordinatorTests.swift */,
				F76ECC3AB7F170FA55D7F28A /* DictionaryCorrectionEngineTests.swift */,
				30227F295D3F147F2C176518 /* DictionaryHallucinationFilterTests.swift */,
				9D12F1A71F9BC6DA89B895E5 /* DictionaryStoreTests.swift */,
				56FA22F9D059A02E440B2306 /* HistoryStoreTests.swift */,
				2D22EB1E3CFB846C07918331 /* HotkeyManagerTests.swift */,
				D7DB340E5942201AEF2DC10E /* HotkeyStoreTests.swift */,
				B2158311E8BBFCF20BF0266E /* HotwordPromptBuilderTests.swift */,
				796F4D210BFE2C15DDE783BD /* InsertionStrategyTests.swift */,
				8D43E926297E99334837F80E /* TranscriptionServiceTests.swift */,
			);
			name = OpenTypelessTests;
			path = Tests/OpenTypelessTests;
			sourceTree = "<group>";
		};
		BEEC66AF235D186392DE6FE8 /* Dictionary */ = {
			isa = PBXGroup;
			children = (
				EC171AEBD769C058F7496892 /* DictionaryCorrectionEngine.swift */,
				742D53F73C9AD3E4490C6A59 /* DictionaryEntry.swift */,
				4C015DE62387B71D11987259 /* DictionaryHallucinationFilter.swift */,
				E6CD3B3FED9A5AB6185F986D /* DictionaryStore.swift */,
				2142D46D1A5E445BD4C757A7 /* HotwordPromptBuilder.swift */,
			);
			path = Dictionary;
			sourceTree = "<group>";
		};
		CBDB810CFBDEB4D483E6C0EE /* Resources */ = {
			isa = PBXGroup;
			children = (
				B1AA585D61E899DA7395C152 /* Assets.xcassets */,
			);
			path = Resources;
			sourceTree = "<group>";
		};
		D6A81BEE9C72282895CE9576 /* App */ = {
			isa = PBXGroup;
			children = (
				5796BD42C96BBC050ECA210A /* App.swift */,
				88CF2BA890D9F26B32824AF5 /* AppState.swift */,
				A881C9C9969769256760954D /* MainWindowController.swift */,
				90E7D04CF7BDDDFA6CCD6F6C /* MenuBarView.swift */,
			);
			path = App;
			sourceTree = "<group>";
		};
		DE2305D1EB582F16DED7F848 /* Core */ = {
			isa = PBXGroup;
			children = (
				6BD7AD980E1C1D73673DDC9D /* DictationSessionCoordinator.swift */,
				24381B8AF2275F9837C6D2B0 /* HotkeyStore.swift */,
				256653591444C73EF7452E93 /* OutputTargetSnapshot.swift */,
				5C5E0B7101FE0F65E18809B0 /* PermissionManager.swift */,
			);
			path = Core;
			sourceTree = "<group>";
		};
		E9C04359331FACD7E4739CE9 /* Products */ = {
			isa = PBXGroup;
			children = (
				0C152EF9B6F66F7308D0ECDA /* OpenTypeless.app */,
				2FEBDAF7F11D5286DA0B26D8 /* OpenTypelessTests.xctest */,
			);
			name = Products;
			sourceTree = "<group>";
		};
/* End PBXGroup section */

/* Begin PBXNativeTarget section */
		E44F30B67638619AD2BBB0E9 /* OpenTypeless */ = {
			isa = PBXNativeTarget;
			buildConfigurationList = C4FF69F70F2BBBAB978A538B /* Build configuration list for PBXNativeTarget "OpenTypeless" */;
			buildPhases = (
				41071E7DEEDB4E448D9A68F7 /* Sources */,
				53BE6899CF1BCE4D2D4DD15E /* Resources */,
				39032F4B7751B0B6614EFFCC /* Frameworks */,
			);
			buildRules = (
			);
			dependencies = (
			);
			name = OpenTypeless;
			packageProductDependencies = (
				B48718C9952536A0E084CEED /* OpenAI */,
			);
			productName = OpenTypeless;
			productReference = 0C152EF9B6F66F7308D0ECDA /* OpenTypeless.app */;
			productType = "com.apple.product-type.application";
		};
		FE4E70BD5DDAD3CAA86BFF1A /* OpenTypelessTests */ = {
			isa = PBXNativeTarget;
			buildConfigurationList = 723EFDCFBDA2DD82B4CD4379 /* Build configuration list for PBXNativeTarget "OpenTypelessTests" */;
			buildPhases = (
				F92F1E098BF31534B72E916C /* Sources */,
			);
			buildRules = (
			);
			dependencies = (
				60ED28D846274595FE3B878A /* PBXTargetDependency */,
			);
			name = OpenTypelessTests;
			packageProductDependencies = (
			);
			productName = OpenTypelessTests;
			productReference = 2FEBDAF7F11D5286DA0B26D8 /* OpenTypelessTests.xctest */;
			productType = "com.apple.product-type.bundle.unit-test";
		};
/* End PBXNativeTarget section */

/* Begin PBXProject section */
		E7005D36A09A66C8F082A700 /* Project object */ = {
			isa = PBXProject;
			attributes = {
				BuildIndependentTargetsInParallel = YES;
				LastUpgradeCheck = 1600;
				TargetAttributes = {
				};
			};
			buildConfigurationList = 5D102BF8A003B29790D797B4 /* Build configuration list for PBXProject "OpenTypeless" */;
			developmentRegion = en;
			hasScannedForEncodings = 0;
			knownRegions = (
				Base,
				en,
			);
			mainGroup = 4F219BC675784540A105291E;
			minimizedProjectReferenceProxies = 1;
			packageReferences = (
				86D972A8EA41A96C9DE42823 /* XCRemoteSwiftPackageReference "OpenAI" */,
			);
			preferredProjectObjectVersion = 77;
			productRefGroup = E9C04359331FACD7E4739CE9 /* Products */;
			projectDirPath = "";
			projectRoot = "";
			targets = (
				E44F30B67638619AD2BBB0E9 /* OpenTypeless */,
				FE4E70BD5DDAD3CAA86BFF1A /* OpenTypelessTests */,
			);
		};
/* End PBXProject section */

/* Begin PBXResourcesBuildPhase section */
		53BE6899CF1BCE4D2D4DD15E /* Resources */ = {
			isa = PBXResourcesBuildPhase;
			buildActionMask = 2147483647;
			files = (
				6E57E4E4E81B6FD55CCEF211 /* Assets.xcassets in Resources */,
			);
			runOnlyForDeploymentPostprocessing = 0;
		};
/* End PBXResourcesBuildPhase section */

/* Begin PBXSourcesBuildPhase section */
		41071E7DEEDB4E448D9A68F7 /* Sources */ = {
			isa = PBXSourcesBuildPhase;
			buildActionMask = 2147483647;
			files = (
				8E2ABB10CEE123CAA63BC008 /* AccessibilityHelper.swift in Sources */,
				8DE2A20EED78C691538082B9 /* App.swift in Sources */,
				806FBDDDFA226D57DB8F3C39 /* AppState.swift in Sources */,
				C1FC9BE139524CF518FE6342 /* AudioRecorder.swift in Sources */,
				23C9BE378271EDE9D5777E73 /* DictationSessionCoordinator.swift in Sources */,
				4727CC661CAC1281585B4025 /* DictionaryCorrectionEngine.swift in Sources */,
				B028A7FF3954A51D4BE181F6 /* DictionaryEntry.swift in Sources */,
				3630A0DE17D93D80EA1F8C73 /* DictionaryHallucinationFilter.swift in Sources */,
				58D5924F00367CDD5C46F9CC /* DictionaryStore.swift in Sources */,
				E473DA301FE7AC648D511E7D /* DictionaryTabView.swift in Sources */,
				BD913A7B793F0A358EF0BF20 /* HistoryEntry.swift in Sources */,
				D4866A0E444622901C3A9649 /* HistoryStore.swift in Sources */,
				9E7CF3DEAEC0EA9503FD62D8 /* HistoryTabView.swift in Sources */,
				6C43A236DF88A49489ACAF46 /* HotkeyManager.swift in Sources */,
				8B0CD5687619D8B38D365E95 /* HotkeyStore.swift in Sources */,
				873B10B91D12A78D47AA787C /* HotwordPromptBuilder.swift in Sources */,
				6C2DE07D3FB8F4F8115E6B3E /* InsertionStrategy.swift in Sources */,
				694A980EFE2C402C9342F333 /* MainWindowController.swift in Sources */,
				1EB4A09EEB065D74C39AF6B6 /* MainWindowView.swift in Sources */,
				4B3F06060B84DD2A4FCCEED7 /* MenuBarView.swift in Sources */,
				62D54B54FFA2E7F6E0DDB390 /* OutputTargetSnapshot.swift in Sources */,
				25BB5D470A6903D0352B9A9F /* PermissionManager.swift in Sources */,
				C66AD81E2764765174F65B24 /* ProgressOverlay.swift in Sources */,
				6888C94349BA93E537CA5F0F /* ResultPopup.swift in Sources */,
				CBC03266564DC19E434EB661 /* ShortcutRecorderView.swift in Sources */,
				F020B687087957DDF840D7B0 /* TranscriptionService.swift in Sources */,
			);
			runOnlyForDeploymentPostprocessing = 0;
		};
		F92F1E098BF31534B72E916C /* Sources */ = {
			isa = PBXSourcesBuildPhase;
			buildActionMask = 2147483647;
			files = (
				63F1EC05016B5CA650518390 /* AppStateTests.swift in Sources */,
				BD38E6757E075D57D51EC9C7 /* AudioRecorderTests.swift in Sources */,
				EE1A1F5A677EB5D0B84B5F71 /* DictationSessionCoordinatorTests.swift in Sources */,
				53CC09A331642D0D71265C9F /* DictionaryCorrectionEngineTests.swift in Sources */,
				3170EBE12606FFDCA78C2F80 /* DictionaryHallucinationFilterTests.swift in Sources */,
				FCA786E2893FCFEE8AC79BA7 /* DictionaryStoreTests.swift in Sources */,
				EA703C1702FF9F5BE252601A /* HistoryStoreTests.swift in Sources */,
				98FB88EC56F3A9EEE30D404F /* HotkeyManagerTests.swift in Sources */,
				D093CA63AF7678BE2B1CFC58 /* HotkeyStoreTests.swift in Sources */,
				A667325F3FA3E2B2FDE5D21F /* HotwordPromptBuilderTests.swift in Sources */,
				FB0374BC4E42085DFCA75A72 /* InsertionStrategyTests.swift in Sources */,
				B254BF91918A26ADEEB2EFA1 /* TranscriptionServiceTests.swift in Sources */,
			);
			runOnlyForDeploymentPostprocessing = 0;
		};
/* End PBXSourcesBuildPhase section */

/* Begin PBXTargetDependency section */
		60ED28D846274595FE3B878A /* PBXTargetDependency */ = {
			isa = PBXTargetDependency;
			target = E44F30B67638619AD2BBB0E9 /* OpenTypeless */;
			targetProxy = 8256EB3E06D191A881EDEE64 /* PBXContainerItemProxy */;
		};
/* End PBXTargetDependency section */

/* Begin XCBuildConfiguration section */
		5F154BCF28B4387BBE69AA42 /* Debug */ = {
			isa = XCBuildConfiguration;
			buildSettings = {
				ASSETCATALOG_COMPILER_APPICON_NAME = AppIcon;
				CODE_SIGN_ENTITLEMENTS = Sources/OpenTypeless/OpenTypeless.entitlements;
				COMBINE_HIDPI_IMAGES = YES;
				ENABLE_HARDENED_RUNTIME = YES;
				INFOPLIST_FILE = Sources/OpenTypeless/Info.plist;
				LD_RUNPATH_SEARCH_PATHS = (
					"$(inherited)",
					"@executable_path/../Frameworks",
				);
				PRODUCT_BUNDLE_IDENTIFIER = "com.scinttt.open-typeless";
				PRODUCT_NAME = OpenTypeless;
				SDKROOT = macosx;
			};
			name = Debug;
		};
		62CEF6386384B0E455E08E94 /* Debug */ = {
			isa = XCBuildConfiguration;
			buildSettings = {
				ALWAYS_SEARCH_USER_PATHS = NO;
				CLANG_ANALYZER_NONNULL = YES;
				CLANG_ANALYZER_NUMBER_OBJECT_CONVERSION = YES_AGGRESSIVE;
				CLANG_CXX_LANGUAGE_STANDARD = "gnu++14";
				CLANG_CXX_LIBRARY = "libc++";
				CLANG_ENABLE_MODULES = YES;
				CLANG_ENABLE_OBJC_ARC = YES;
				CLANG_ENABLE_OBJC_WEAK = YES;
				CLANG_WARN_BLOCK_CAPTURE_AUTORELEASING = YES;
				CLANG_WARN_BOOL_CONVERSION = YES;
				CLANG_WARN_COMMA = YES;
				CLANG_WARN_CONSTANT_CONVERSION = YES;
				CLANG_WARN_DEPRECATED_OBJC_IMPLEMENTATIONS = YES;
				CLANG_WARN_DIRECT_OBJC_ISA_USAGE = YES_ERROR;
				CLANG_WARN_DOCUMENTATION_COMMENTS = YES;
				CLANG_WARN_EMPTY_BODY = YES;
				CLANG_WARN_ENUM_CONVERSION = YES;
				CLANG_WARN_INFINITE_RECURSION = YES;
				CLANG_WARN_INT_CONVERSION = YES;
				CLANG_WARN_NON_LITERAL_NULL_CONVERSION = YES;
				CLANG_WARN_OBJC_IMPLICIT_RETAIN_SELF = YES;
				CLANG_WARN_OBJC_LITERAL_CONVERSION = YES;
				CLANG_WARN_OBJC_ROOT_CLASS = YES_ERROR;
				CLANG_WARN_QUOTED_INCLUDE_IN_FRAMEWORK_HEADER = YES;
				CLANG_WARN_RANGE_LOOP_ANALYSIS = YES;
				CLANG_WARN_STRICT_PROTOTYPES = YES;
				CLANG_WARN_SUSPICIOUS_MOVE = YES;
				CLANG_WARN_UNGUARDED_AVAILABILITY = YES_AGGRESSIVE;
				CLANG_WARN_UNREACHABLE_CODE = YES;
				CLANG_WARN__DUPLICATE_METHOD_MATCH = YES;
				COPY_PHASE_STRIP = NO;
				DEBUG_INFORMATION_FORMAT = dwarf;
				ENABLE_STRICT_OBJC_MSGSEND = YES;
				ENABLE_TESTABILITY = YES;
				GCC_C_LANGUAGE_STANDARD = gnu11;
				GCC_DYNAMIC_NO_PIC = NO;
				GCC_NO_COMMON_BLOCKS = YES;
				GCC_OPTIMIZATION_LEVEL = 0;
				GCC_PREPROCESSOR_DEFINITIONS = (
					"$(inherited)",
					"DEBUG=1",
				);
				GCC_WARN_64_TO_32_BIT_CONVERSION = YES;
				GCC_WARN_ABOUT_RETURN_TYPE = YES_ERROR;
				GCC_WARN_UNDECLARED_SELECTOR = YES;
				GCC_WARN_UNINITIALIZED_AUTOS = YES_AGGRESSIVE;
				GCC_WARN_UNUSED_FUNCTION = YES;
				GCC_WARN_UNUSED_VARIABLE = YES;
				MACOSX_DEPLOYMENT_TARGET = 14.0;
				MTL_ENABLE_DEBUG_INFO = INCLUDE_SOURCE;
				MTL_FAST_MATH = YES;
				ONLY_ACTIVE_ARCH = YES;
				PRODUCT_NAME = "$(TARGET_NAME)";
				SDKROOT = macosx;
				SWIFT_ACTIVE_COMPILATION_CONDITIONS = DEBUG;
				SWIFT_OPTIMIZATION_LEVEL = "-Onone";
				SWIFT_VERSION = 5.10;
			};
			name = Debug;
		};
		8C950A866C9A671A29C21A0E /* Release */ = {
			isa = XCBuildConfiguration;
			buildSettings = {
				BUNDLE_LOADER = "$(TEST_HOST)";
				COMBINE_HIDPI_IMAGES = YES;
				GENERATE_INFOPLIST_FILE = YES;
				LD_RUNPATH_SEARCH_PATHS = (
					"$(inherited)",
					"@executable_path/../Frameworks",
					"@loader_path/../Frameworks",
				);
				PRODUCT_BUNDLE_IDENTIFIER = "com.scinttt.open-typeless-tests";
				SDKROOT = macosx;
				TEST_HOST = "$(BUILT_PRODUCTS_DIR)/OpenTypeless.app/Contents/MacOS/OpenTypeless";
			};
			name = Release;
		};
		9C1E9EC04F4BF521649829E7 /* Release */ = {
			isa = XCBuildConfiguration;
			buildSettings = {
				ASSETCATALOG_COMPILER_APPICON_NAME = AppIcon;
				CODE_SIGN_ENTITLEMENTS = Sources/OpenTypeless/OpenTypeless.entitlements;
				COMBINE_HIDPI_IMAGES = YES;
				ENABLE_HARDENED_RUNTIME = YES;
				INFOPLIST_FILE = Sources/OpenTypeless/Info.plist;
				LD_RUNPATH_SEARCH_PATHS = (
					"$(inherited)",
					"@executable_path/../Frameworks",
				);
				PRODUCT_BUNDLE_IDENTIFIER = "com.scinttt.open-typeless";
				PRODUCT_NAME = OpenTypeless;
				SDKROOT = macosx;
			};
			name = Release;
		};
		C9FF84DB80191A4952285EAE /* Debug */ = {
			isa = XCBuildConfiguration;
			buildSettings = {
				BUNDLE_LOADER = "$(TEST_HOST)";
				COMBINE_HIDPI_IMAGES = YES;
				GENERATE_INFOPLIST_FILE = YES;
				LD_RUNPATH_SEARCH_PATHS = (
					"$(inherited)",
					"@executable_path/../Frameworks",
					"@loader_path/../Frameworks",
				);
				PRODUCT_BUNDLE_IDENTIFIER = "com.scinttt.open-typeless-tests";
				SDKROOT = macosx;
				TEST_HOST = "$(BUILT_PRODUCTS_DIR)/OpenTypeless.app/Contents/MacOS/OpenTypeless";
			};
			name = Debug;
		};
		CF0FF23FD94B9E6D53B24203 /* Release */ = {
			isa = XCBuildConfiguration;
			buildSettings = {
				ALWAYS_SEARCH_USER_PATHS = NO;
				CLANG_ANALYZER_NONNULL = YES;
				CLANG_ANALYZER_NUMBER_OBJECT_CONVERSION = YES_AGGRESSIVE;
				CLANG_CXX_LANGUAGE_STANDARD = "gnu++14";
				CLANG_CXX_LIBRARY = "libc++";
				CLANG_ENABLE_MODULES = YES;
				CLANG_ENABLE_OBJC_ARC = YES;
				CLANG_ENABLE_OBJC_WEAK = YES;
				CLANG_WARN_BLOCK_CAPTURE_AUTORELEASING = YES;
				CLANG_WARN_BOOL_CONVERSION = YES;
				CLANG_WARN_COMMA = YES;
				CLANG_WARN_CONSTANT_CONVERSION = YES;
				CLANG_WARN_DEPRECATED_OBJC_IMPLEMENTATIONS = YES;
				CLANG_WARN_DIRECT_OBJC_ISA_USAGE = YES_ERROR;
				CLANG_WARN_DOCUMENTATION_COMMENTS = YES;
				CLANG_WARN_EMPTY_BODY = YES;
				CLANG_WARN_ENUM_CONVERSION = YES;
				CLANG_WARN_INFINITE_RECURSION = YES;
				CLANG_WARN_INT_CONVERSION = YES;
				CLANG_WARN_NON_LITERAL_NULL_CONVERSION = YES;
				CLANG_WARN_OBJC_IMPLICIT_RETAIN_SELF = YES;
				CLANG_WARN_OBJC_LITERAL_CONVERSION = YES;
				CLANG_WARN_OBJC_ROOT_CLASS = YES_ERROR;
				CLANG_WARN_QUOTED_INCLUDE_IN_FRAMEWORK_HEADER = YES;
				CLANG_WARN_RANGE_LOOP_ANALYSIS = YES;
				CLANG_WARN_STRICT_PROTOTYPES = YES;
				CLANG_WARN_SUSPICIOUS_MOVE = YES;
				CLANG_WARN_UNGUARDED_AVAILABILITY = YES_AGGRESSIVE;
				CLANG_WARN_UNREACHABLE_CODE = YES;
				CLANG_WARN__DUPLICATE_METHOD_MATCH = YES;
				COPY_PHASE_STRIP = NO;
				DEBUG_INFORMATION_FORMAT = "dwarf-with-dsym";
				ENABLE_NS_ASSERTIONS = NO;
				ENABLE_STRICT_OBJC_MSGSEND = YES;
				GCC_C_LANGUAGE_STANDARD = gnu11;
				GCC_NO_COMMON_BLOCKS = YES;
				GCC_WARN_64_TO_32_BIT_CONVERSION = YES;
				GCC_WARN_ABOUT_RETURN_TYPE = YES_ERROR;
				GCC_WARN_UNDECLARED_SELECTOR = YES;
				GCC_WARN_UNINITIALIZED_AUTOS = YES_AGGRESSIVE;
				GCC_WARN_UNUSED_FUNCTION = YES;
				GCC_WARN_UNUSED_VARIABLE = YES;
				MACOSX_DEPLOYMENT_TARGET = 14.0;
				MTL_ENABLE_DEBUG_INFO = NO;
				MTL_FAST_MATH = YES;
				PRODUCT_NAME = "$(TARGET_NAME)";
				SDKROOT = macosx;
				SWIFT_COMPILATION_MODE = wholemodule;
				SWIFT_OPTIMIZATION_LEVEL = "-O";
				SWIFT_VERSION = 5.10;
			};
			name = Release;
		};
/* End XCBuildConfiguration section */

/* Begin XCConfigurationList section */
		5D102BF8A003B29790D797B4 /* Build configuration list for PBXProject "OpenTypeless" */ = {
			isa = XCConfigurationList;
			buildConfigurations = (
				62CEF6386384B0E455E08E94 /* Debug */,
				CF0FF23FD94B9E6D53B24203 /* Release */,
			);
			defaultConfigurationIsVisible = 0;
			defaultConfigurationName = Debug;
		};
		723EFDCFBDA2DD82B4CD4379 /* Build configuration list for PBXNativeTarget "OpenTypelessTests" */ = {
			isa = XCConfigurationList;
			buildConfigurations = (
				C9FF84DB80191A4952285EAE /* Debug */,
				8C950A866C9A671A29C21A0E /* Release */,
			);
			defaultConfigurationIsVisible = 0;
			defaultConfigurationName = Debug;
		};
		C4FF69F70F2BBBAB978A538B /* Build configuration list for PBXNativeTarget "OpenTypeless" */ = {
			isa = XCConfigurationList;
			buildConfigurations = (
				5F154BCF28B4387BBE69AA42 /* Debug */,
				9C1E9EC04F4BF521649829E7 /* Release */,
			);
			defaultConfigurationIsVisible = 0;
			defaultConfigurationName = Debug;
		};
/* End XCConfigurationList section */

/* Begin XCRemoteSwiftPackageReference section */
		86D972A8EA41A96C9DE42823 /* XCRemoteSwiftPackageReference "OpenAI" */ = {
			isa = XCRemoteSwiftPackageReference;
			repositoryURL = "https://github.com/MacPaw/OpenAI.git";
			requirement = {
				branch = main;
				kind = branch;
			};
		};
/* End XCRemoteSwiftPackageReference section */

/* Begin XCSwiftPackageProductDependency section */
		B48718C9952536A0E084CEED /* OpenAI */ = {
			isa = XCSwiftPackageProductDependency;
			package = 86D972A8EA41A96C9DE42823 /* XCRemoteSwiftPackageReference "OpenAI" */;
			productName = OpenAI;
		};
/* End XCSwiftPackageProductDependency section */
	};
	rootObject = E7005D36A09A66C8F082A700 /* Project object */;
}
